
Microsoft Visual Studio Solution File, Format Version 12.00
Project("{FAE04EC0-301F-11D3-BF4B-00C04F79EFBC}") = "Replay.Valorant", "src\Replay.Valorant\Replay.Valorant.csproj", "{AC773DC9-FF96-496C-945D-1AC78625DCCC}"
EndProject
Project("{FAE04EC0-301F-11D3-BF4B-00C04F79EFBC}") = "Replay.Encoding", "src\Replay.Encoding\Replay.Encoding.csproj", "{2F5DF7A8-CC87-4769-8627-004D9A5EC055}"
EndProject
Project("{FAE04EC0-301F-11D3-BF4B-00C04F79EFBC}") = "Replay.Models", "src\Replay.Models\Replay.Models.csproj", "{98696710-2893-40D6-B576-1E1EE0ACC5BD}"
EndProject
Project("{FAE04EC0-301F-11D3-BF4B-00C04F79EFBC}") = "Replay.Unreal", "src\Replay.Unreal\Replay.Unreal.csproj", "{FC15CB4D-5A8F-4503-82D0-3691B7FE013B}"
EndProject
Project("{2150E333-8FDC-42A3-9474-1A3956D46DE8}") = "src", "src", "{A7F36E5A-D186-43A8-A530-5E5AF12E98B7}"
EndProject
Project("{2150E333-8FDC-42A3-9474-1A3956D46DE8}") = "tests", "tests", "{D8F43E68-2C11-4C3A-B5A0-9B3A1F123456}"
EndProject
Project("{FAE04EC0-301F-11D3-BF4B-00C04F79EFBC}") = "Replay.Encoding.Tests", "tests\Replay.Encoding.Tests\Replay.Encoding.Tests.csproj", "{6CA48346-EFD3-4DF0-B90A-B424D8D4C013}"
EndProject
Project("{FAE04EC0-301F-11D3-BF4B-00C04F79EFBC}") = "Replay.Unreal.Tests", "tests\Replay.Unreal.Tests\Replay.Unreal.Tests.csproj", "{8067D878-375D-4CA1-8A5B-C658604BE0B3}"
EndProject
Project("{FAE04EC0-301F-11D3-BF4B-00C04F79EFBC}") = "Replay.Valorant.Tests", "tests\Replay.Valorant.Tests\Replay.Valorant.Tests.csproj", "{DAEDD49C-7AE2-4F5C-A6CB-ADBFA1691660}"
EndProject
Project("{FAE04EC0-301F-11D3-BF4B-00C04F79EFBC}") = "CliReader", "src\CliReader\CliReader.csproj", "{B017102A-3BA4-4C5B-BA3D-06C816C2BA14}"
EndProject
Project("{FAE04EC0-301F-11D3-BF4B-00C04F79EFBC}") = "Test.Integration", "tests\Test.Integration\Test.Integration.csproj", "{1C2FA21E-9470-406D-9AFA-0715F5FD0642}"
EndProject
Project("{FAE04EC0-301F-11D3-BF4B-00C04F79EFBC}") = "Replay.Models.Tests", "tests\Replay.Models.Tests\Replay.Models.Tests.csproj", "{9E4FC5D6-6DC5-4025-BB00-CD0966C2F87A}"
EndProject
Global
	GlobalSection(SolutionConfigurationPlatforms) = preSolution
		Debug|Any CPU = Debug|Any CPU
		Release|Any CPU = Release|Any CPU
	EndGlobalSection
	GlobalSection(ProjectConfigurationPlatforms) = postSolution
		{AC773DC9-FF96-496C-945D-1AC78625DCCC}.Debug|Any CPU.ActiveCfg = Debug|Any CPU
		{AC773DC9-FF96-496C-945D-1AC78625DCCC}.Debug|Any CPU.Build.0 = Debug|Any CPU
		{AC773DC9-FF96-496C-945D-1AC78625DCCC}.Release|Any CPU.ActiveCfg = Release|Any CPU
		{AC773DC9-FF96-496C-945D-1AC78625DCCC}.Release|Any CPU.Build.0 = Release|Any CPU
		{2F5DF7A8-CC87-4769-8627-004D9A5EC055}.Debug|Any CPU.ActiveCfg = Debug|Any CPU
		{2F5DF7A8-CC87-4769-8627-004D9A5EC055}.Debug|Any CPU.Build.0 = Debug|Any CPU
		{2F5DF7A8-CC87-4769-8627-004D9A5EC055}.Release|Any CPU.ActiveCfg = Release|Any CPU
		{2F5DF7A8-CC87-4769-8627-004D9A5EC055}.Release|Any CPU.Build.0 = Release|Any CPU
		{98696710-2893-40D6-B576-1E1EE0ACC5BD}.Debug|Any CPU.ActiveCfg = Debug|Any CPU
		{98696710-2893-40D6-B576-1E1EE0ACC5BD}.Debug|Any CPU.Build.0 = Debug|Any CPU
		{98696710-2893-40D6-B576-1E1EE0ACC5BD}.Release|Any CPU.ActiveCfg = Release|Any CPU
		{98696710-2893-40D6-B576-1E1EE0ACC5BD}.Release|Any CPU.Build.0 = Release|Any CPU
		{FC15CB4D-5A8F-4503-82D0-3691B7FE013B}.Debug|Any CPU.ActiveCfg = Debug|Any CPU
		{FC15CB4D-5A8F-4503-82D0-3691B7FE013B}.Debug|Any CPU.Build.0 = Debug|Any CPU
		{FC15CB4D-5A8F-4503-82D0-3691B7FE013B}.Release|Any CPU.ActiveCfg = Release|Any CPU
		{FC15CB4D-5A8F-4503-82D0-3691B7FE013B}.Release|Any CPU.Build.0 = Release|Any CPU
		{6CA48346-EFD3-4DF0-B90A-B424D8D4C013}.Debug|Any CPU.ActiveCfg = Debug|Any CPU
		{6CA48346-EFD3-4DF0-B90A-B424D8D4C013}.Debug|Any CPU.Build.0 = Debug|Any CPU
		{6CA48346-EFD3-4DF0-B90A-B424D8D4C013}.Release|Any CPU.ActiveCfg = Release|Any CPU
		{6CA48346-EFD3-4DF0-B90A-B424D8D4C013}.Release|Any CPU.Build.0 = Release|Any CPU
		{8067D878-375D-4CA1-8A5B-C658604BE0B3}.Debug|Any CPU.ActiveCfg = Debug|Any CPU
		{8067D878-375D-4CA1-8A5B-C658604BE0B3}.Debug|Any CPU.Build.0 = Debug|Any CPU
		{8067D878-375D-4CA1-8A5B-C658604BE0B3}.Release|Any CPU.ActiveCfg = Release|Any CPU
		{8067D878-375D-4CA1-8A5B-C658604BE0B3}.Release|Any CPU.Build.0 = Release|Any CPU
		{DAEDD49C-7AE2-4F5C-A6CB-ADBFA1691660}.Debug|Any CPU.ActiveCfg = Debug|Any CPU
		{DAEDD49C-7AE2-4F5C-A6CB-ADBFA1691660}.Debug|Any CPU.Build.0 = Debug|Any CPU
		{DAEDD49C-7AE2-4F5C-A6CB-ADBFA1691660}.Release|Any CPU.ActiveCfg = Release|Any CPU
		{DAEDD49C-7AE2-4F5C-A6CB-ADBFA1691660}.Release|Any CPU.Build.0 = Release|Any CPU
		{B017102A-3BA4-4C5B-BA3D-06C816C2BA14}.Debug|Any CPU.ActiveCfg = Debug|Any CPU
		{B017102A-3BA4-4C5B-BA3D-06C816C2BA14}.Debug|Any CPU.Build.0 = Debug|Any CPU
		{B017102A-3BA4-4C5B-BA3D-06C816C2BA14}.Release|Any CPU.ActiveCfg = Release|Any CPU
		{B017102A-3BA4-4C5B-BA3D-06C816C2BA14}.Release|Any CPU.Build.0 = Release|Any CPU
		{1C2FA21E-9470-406D-9AFA-0715F5FD0642}.Debug|Any CPU.ActiveCfg = Debug|Any CPU
		{1C2FA21E-9470-406D-9AFA-0715F5FD0642}.Debug|Any CPU.Build.0 = Debug|Any CPU
		{1C2FA21E-9470-406D-9AFA-0715F5FD0642}.Release|Any CPU.ActiveCfg = Release|Any CPU
		{1C2FA21E-9470-406D-9AFA-0715F5FD0642}.Release|Any CPU.Build.0 = Release|Any CPU
		{9E4FC5D6-6DC5-4025-BB00-CD0966C2F87A}.Debug|Any CPU.ActiveCfg = Debug|Any CPU
		{9E4FC5D6-6DC5-4025-BB00-CD0966C2F87A}.Debug|Any CPU.Build.0 = Debug|Any CPU
		{9E4FC5D6-6DC5-4025-BB00-CD0966C2F87A}.Release|Any CPU.ActiveCfg = Release|Any CPU
		{9E4FC5D6-6DC5-4025-BB00-CD0966C2F87A}.Release|Any CPU.Build.0 = Release|Any CPU
	EndGlobalSection
	GlobalSection(NestedProjects) = preSolution
		{AC773DC9-FF96-496C-945D-1AC78625DCCC} = {A7F36E5A-D186-43A8-A530-5E5AF12E98B7}
		{2F5DF7A8-CC87-4769-8627-004D9A5EC055} = {A7F36E5A-D186-43A8-A530-5E5AF12E98B7}
		{98696710-2893-40D6-B576-1E1EE0ACC5BD} = {A7F36E5A-D186-43A8-A530-5E5AF12E98B7}
		{FC15CB4D-5A8F-4503-82D0-3691B7FE013B} = {A7F36E5A-D186-43A8-A530-5E5AF12E98B7}
		{6CA48346-EFD3-4DF0-B90A-B424D8D4C013} = {D8F43E68-2C11-4C3A-B5A0-9B3A1F123456}
		{8067D878-375D-4CA1-8A5B-C658604BE0B3} = {D8F43E68-2C11-4C3A-B5A0-9B3A1F123456}
		{DAEDD49C-7AE2-4F5C-A6CB-ADBFA1691660} = {D8F43E68-2C11-4C3A-B5A0-9B3A1F123456}
		{B017102A-3BA4-4C5B-BA3D-06C816C2BA14} = {A7F36E5A-D186-43A8-A530-5E5AF12E98B7}
		{1C2FA21E-9470-406D-9AFA-0715F5FD0642} = {D8F43E68-2C11-4C3A-B5A0-9B3A1F123456}
		{9E4FC5D6-6DC5-4025-BB00-CD0966C2F87A} = {D8F43E68-2C11-4C3A-B5A0-9B3A1F123456}
	EndGlobalSection
EndGlobal
